
Microsoft Visual Studio Solution File, Format Version 12.00
# Visual Studio 2012
Project("{FAE04EC0-301F-11D3-BF4B-00C04F79EFBC}") = "dt-libcode", "dt-libcode\dt-libcode.csproj", "{2CA9A115-6040-481E-97AE-B1FC582A77CC}"
EndProject
Project("{FAE04EC0-301F-11D3-BF4B-00C04F79EFBC}") = "dtt_testing", "dtt_testing\dtt_testing.csproj", "{5453C438-51FD-4685-9D83-AC384649F4CA}"
EndProject
Global
	GlobalSection(SolutionConfigurationPlatforms) = preSolution
		Debug|Any CPU = Debug|Any CPU
		Release|Any CPU = Release|Any CPU
	EndGlobalSection
	GlobalSection(ProjectConfigurationPlatforms) = postSolution
		{2CA9A115-6040-481E-97AE-B1FC582A77CC}.Debug|Any CPU.ActiveCfg = Debug|Any CPU
		{2CA9A115-6040-481E-97AE-B1FC582A77CC}.Debug|Any CPU.Build.0 = Debug|Any CPU
		{2CA9A115-6040-481E-97AE-B1FC582A77CC}.Release|Any CPU.ActiveCfg = Release|Any CPU
		{2CA9A115-6040-481E-97AE-B1FC582A77CC}.Release|Any CPU.Build.0 = Release|Any CPU
		{5453C438-51FD-4685-9D83-AC384649F4CA}.Debug|Any CPU.ActiveCfg = Debug|Any CPU
		{5453C438-51FD-4685-9D83-AC384649F4CA}.Debug|Any CPU.Build.0 = Debug|Any CPU
		{5453C438-51FD-4685-9D83-AC384649F4CA}.Release|Any CPU.ActiveCfg = Release|Any CPU
		{5453C438-51FD-4685-9D83-AC384649F4CA}.Release|Any CPU.Build.0 = Release|Any CPU
	EndGlobalSection
EndGlobal
